// !$*UTF8*$!
{
	archiveVersion = 1;
	classes = {
	};
	objectVersion = 56;
	objects = {

/* Begin PBXBuildFile section */
		AAAAAAAAAAAAAAAAAAAA0101 /* ArchiveAssistantApp.swift in Sources */ = {isa = PBXBuildFile; fileRef = AAAAAAAAAAAAAAAAAAAA0201 /* ArchiveAssistantApp.swift */; };
		AAAAAAAAAAAAAAAAAAAA0102 /* ContentView.swift in Sources */ = {isa = PBXBuildFile; fileRef = AAAAAAAAAAAAAAAAAAAA0202 /* ContentView.swift */; };
		AAAAAAAAAAAAAAAAAAAA0103 /* MainWorkspaceView.swift in Sources */ = {isa = PBXBuildFile; fileRef = AAAAAAAAAAAAAAAAAAAA0203 /* MainWorkspaceView.swift */; };
		AAAAAAAAAAAAAAAAAAAA0104 /* SettingsView.swift in Sources */ = {isa = PBXBuildFile; fileRef = AAAAAAAAAAAAAAAAAAAA0204 /* SettingsView.swift */; };
		AAAAAAAAAAAAAAAAAAAA0105 /* ComposeHostingViewController.swift in Sources */ = {isa = PBXBuildFile; fileRef = AAAAAAAAAAAAAAAAAAAA0205 /* ComposeHostingViewController.swift */; };
		AAAAAAAAAAAAAAAAAAAA0106 /* SharedStateBridge.swift in Sources */ = {isa = PBXBuildFile; fileRef = AAAAAAAAAAAAAAAAAAAA0206 /* SharedStateBridge.swift */; };
		AAAAAAAAAAAAAAAAAAAA0107 /* IosPlatformBootstrap.swift in Sources */ = {isa = PBXBuildFile; fileRef = AAAAAAAAAAAAAAAAAAAA0207 /* IosPlatformBootstrap.swift */; };
		AAAAAAAAAAAAAAAAAAAA0108 /* AppDelegate.swift in Sources */ = {isa = PBXBuildFile; fileRef = AAAAAAAAAAAAAAAAAAAA0208 /* AppDelegate.swift */; };
		AAAAAAAAAAAAAAAAAAAA0109 /* Assets.xcassets in Resources */ = {isa = PBXBuildFile; fileRef = AAAAAAAAAAAAAAAAAAAA0209 /* Assets.xcassets */; };
		AAAAAAAAAAAAAAAAAAAA010A /* SharedKit.xcframework in Frameworks */ = {isa = PBXBuildFile; fileRef = AAAAAAAAAAAAAAAAAAAA020C /* SharedKit.xcframework */; };
/* End PBXBuildFile section */

/* Begin PBXFileReference section */
		AAAAAAAAAAAAAAAAAAAA0200 /* 聚合拾遗.app */ = {isa = PBXFileReference; explicitFileType = wrapper.application; includeInIndex = 0; path = "聚合拾遗.app"; sourceTree = BUILT_PRODUCTS_DIR; };
		AAAAAAAAAAAAAAAAAAAA0201 /* ArchiveAssistantApp.swift */ = {isa = PBXFileReference; lastKnownFileType = sourcecode.swift; path = ArchiveAssistantApp.swift; sourceTree = "<group>"; };
		AAAAAAAAAAAAAAAAAAAA0202 /* ContentView.swift */ = {isa = PBXFileReference; lastKnownFileType = sourcecode.swift; path = ContentView.swift; sourceTree = "<group>"; };
		AAAAAAAAAAAAAAAAAAAA0203 /* MainWorkspaceView.swift */ = {isa = PBXFileReference; lastKnownFileType = sourcecode.swift; path = MainWorkspaceView.swift; sourceTree = "<group>"; };
		AAAAAAAAAAAAAAAAAAAA0204 /* SettingsView.swift */ = {isa = PBXFileReference; lastKnownFileType = sourcecode.swift; path = SettingsView.swift; sourceTree = "<group>"; };
		AAAAAAAAAAAAAAAAAAAA0205 /* ComposeHostingViewController.swift */ = {isa = PBXFileReference; lastKnownFileType = sourcecode.swift; path = ComposeHostingViewController.swift; sourceTree = "<group>"; };
		AAAAAAAAAAAAAAAAAAAA0206 /* SharedStateBridge.swift */ = {isa = PBXFileReference; lastKnownFileType = sourcecode.swift; path = SharedStateBridge.swift; sourceTree = "<group>"; };
		AAAAAAAAAAAAAAAAAAAA0207 /* IosPlatformBootstrap.swift */ = {isa = PBXFileReference; lastKnownFileType = sourcecode.swift; path = IosPlatformBootstrap.swift; sourceTree = "<group>"; };
		AAAAAAAAAAAAAAAAAAAA0208 /* AppDelegate.swift */ = {isa = PBXFileReference; lastKnownFileType = sourcecode.swift; path = AppDelegate.swift; sourceTree = "<group>"; };
		AAAAAAAAAAAAAAAAAAAA0209 /* Assets.xcassets */ = {isa = PBXFileReference; lastKnownFileType = folder.assetcatalog; path = Assets.xcassets; sourceTree = "<group>"; };
		AAAAAAAAAAAAAAAAAAAA020B /* Info.plist */ = {isa = PBXFileReference; lastKnownFileType = text.plist.xml; path = Info.plist; sourceTree = "<group>"; };
		AAAAAAAAAAAAAAAAAAAA020C /* SharedKit.xcframework */ = {isa = PBXFileReference; lastKnownFileType = wrapper.xcframework; name = SharedKit.xcframework; path = Frameworks/SharedKit.xcframework; sourceTree = SOURCE_ROOT; };
/* End PBXFileReference section */

/* Begin PBXFrameworksBuildPhase section */
		AAAAAAAAAAAAAAAAAAAA0603 /* Frameworks */ = {
			isa = PBXFrameworksBuildPhase;
			buildActionMask = 2147483647;
			files = (
				AAAAAAAAAAAAAAAAAAAA010A /* SharedKit.xcframework in Frameworks */,
			);
			runOnlyForDeploymentPostprocessing = 0;
		};
/* End PBXFrameworksBuildPhase section */

/* Begin PBXGroup section */
		AAAAAAAAAAAAAAAAAAAA0301 = {
			isa = PBXGroup;
			children = (
				AAAAAAAAAAAAAAAAAAAA0201 /* ArchiveAssistantApp.swift */,
				AAAAAAAAAAAAAAAAAAAA0202 /* ContentView.swift */,
				AAAAAAAAAAAAAAAAAAAA0203 /* MainWorkspaceView.swift */,
				AAAAAAAAAAAAAAAAAAAA0204 /* SettingsView.swift */,
				AAAAAAAAAAAAAAAAAAAA0205 /* ComposeHostingViewController.swift */,
				AAAAAAAAAAAAAAAAAAAA0206 /* SharedStateBridge.swift */,
				AAAAAAAAAAAAAAAAAAAA0207 /* IosPlatformBootstrap.swift */,
				AAAAAAAAAAAAAAAAAAAA0208 /* AppDelegate.swift */,
				AAAAAAAAAAAAAAAAAAAA0209 /* Assets.xcassets */,
				AAAAAAAAAAAAAAAAAAAA020B /* Info.plist */,
				AAAAAAAAAAAAAAAAAAAA020C /* SharedKit.xcframework */,
			);
			path = iosApp;
			sourceTree = "<group>";
		};
		AAAAAAAAAAAAAAAAAAAA0302 /* Products */ = {
			isa = PBXGroup;
			children = (
				AAAAAAAAAAAAAAAAAAAA0200 /* 聚合拾遗.app */,
			);
			name = Products;
			sourceTree = "<group>";
		};
/* End PBXGroup section */

/* Begin PBXNativeTarget section */
		AAAAAAAAAAAAAAAAAAAA0401 /* iosApp */ = {
			isa = PBXNativeTarget;
			buildConfigurationList = AAAAAAAAAAAAAAAAAAAA0801 /* Build configuration list for PBXNativeTarget "iosApp" */;
			buildPhases = (
				AAAAAAAAAAAAAAAAAAAA0601 /* Build SharedKit.xcframework */,
				AAAAAAAAAAAAAAAAAAAA0602 /* Sources */,
				AAAAAAAAAAAAAAAAAAAA0603 /* Frameworks */,
				AAAAAAAAAAAAAAAAAAAA0604 /* Resources */,
			);
			buildRules = (
			);
			dependencies = (
			);
			name = iosApp;
			productName = iosApp;
			productReference = AAAAAAAAAAAAAAAAAAAA0200 /* 聚合拾遗.app */;
			productType = "com.apple.product-type.application";
		};
/* End PBXNativeTarget section */

/* Begin PBXProject section */
		AAAAAAAAAAAAAAAAAAAA0501 /* Project object */ = {
			isa = PBXProject;
			attributes = {
				BuildIndependentTargetsInParallel = 1;
				LastSwiftUpdateCheck = 1600;
				LastUpgradeCheck = 1600;
				TargetAttributes = {
					AAAAAAAAAAAAAAAAAAAA0401 = {
						CreatedOnToolsVersion = 16.0;
					};
				};
			};
			buildConfigurationList = AAAAAAAAAAAAAAAAAAAA0802 /* Build configuration list for PBXProject "iosApp" */;
			compatibilityVersion = "Xcode 14.0";
			developmentRegion = en;
			hasScannedForEncodings = 0;
			knownRegions = (
				en,
				"zh-Hans",
				Base,
			);
			mainGroup = AAAAAAAAAAAAAAAAAAAA0301;
			productRefGroup = AAAAAAAAAAAAAAAAAAAA0302 /* Products */;
			projectDirPath = "";
			projectRoot = "";
			targets = (
				AAAAAAAAAAAAAAAAAAAA0401 /* iosApp */,
			);
		};
/* End PBXProject section */

/* Begin PBXResourcesBuildPhase section */
		AAAAAAAAAAAAAAAAAAAA0604 /* Resources */ = {
			isa = PBXResourcesBuildPhase;
			buildActionMask = 2147483647;
			files = (
				AAAAAAAAAAAAAAAAAAAA0109 /* Assets.xcassets in Resources */,
			);
			runOnlyForDeploymentPostprocessing = 0;
		};
/* End PBXResourcesBuildPhase section */

/* Begin PBXShellScriptBuildPhase section */
		AAAAAAAAAAAAAAAAAAAA0601 /* Build SharedKit.xcframework */ = {
			isa = PBXShellScriptBuildPhase;
			alwaysOutOfDate = 1;
			buildActionMask = 2147483647;
			files = (
			);
			inputFileListPaths = (
			);
			inputPaths = (
			);
			name = "Build SharedKit.xcframework";
			outputFileListPaths = (
			);
			outputPaths = (
			);
			runOnlyForDeploymentPostprocessing = 0;
			shellPath = /bin/sh;
			shellScript = "set -e\n\n# Builds SharedKit.xcframework (Kotlin Multiplatform) and stages it under\n# iosApp/Frameworks/, which is where the target links it from.\n# Requires macOS with Xcode command line tools installed.\ncd \"$SRCROOT/..\"\n\necho \"=== SRCROOT=$SRCROOT PWD=$(pwd) ===\"\nif [ -z \"$JAVA_HOME\" ]; then\n  JAVA_HOME=$(/usr/libexec/java_home -v 17 2>/dev/null || true)\n  export JAVA_HOME\nfi\necho \"=== JAVA_HOME=$JAVA_HOME ===\"\n\n./gradlew :shared:assembleSharedKitXCFramework\n\nSRC=$(find shared/build/XCFrameworks -maxdepth 2 -name \"SharedKit.xcframework\" -type d | head -n 1)\nif [ -z \"$SRC\" ]; then\n  echo \"error: SharedKit.xcframework not found under shared/build/XCFrameworks\"\n  find shared/build -maxdepth 4 -name \"*.xcframework\" || true\n  exit 1\nfi\necho \"=== built: $SRC ===\"\nls -la \"$SRC\"\n\nDEST=\"$SRCROOT/Frameworks\"\nmkdir -p \"$DEST\"\nrm -rf \"$DEST/SharedKit.xcframework\"\ncp -R \"$SRC\" \"$DEST/\"\necho \"=== staged: $DEST/SharedKit.xcframework ===\"\nls -la \"$DEST/SharedKit.xcframework\"\n";
		};
/* End PBXShellScriptBuildPhase section */

/* Begin PBXSourcesBuildPhase section */
		AAAAAAAAAAAAAAAAAAAA0602 /* Sources */ = {
			isa = PBXSourcesBuildPhase;
			buildActionMask = 2147483647;
			files = (
				AAAAAAAAAAAAAAAAAAAA0101 /* ArchiveAssistantApp.swift in Sources */,
				AAAAAAAAAAAAAAAAAAAA0102 /* ContentView.swift in Sources */,
				AAAAAAAAAAAAAAAAAAAA0103 /* MainWorkspaceView.swift in Sources */,
				AAAAAAAAAAAAAAAAAAAA0104 /* SettingsView.swift in Sources */,
				AAAAAAAAAAAAAAAAAAAA0105 /* ComposeHostingViewController.swift in Sources */,
				AAAAAAAAAAAAAAAAAAAA0106 /* SharedStateBridge.swift in Sources */,
				AAAAAAAAAAAAAAAAAAAA0107 /* IosPlatformBootstrap.swift in Sources */,
				AAAAAAAAAAAAAAAAAAAA0108 /* AppDelegate.swift in Sources */,
			);
			runOnlyForDeploymentPostprocessing = 0;
		};
/* End PBXSourcesBuildPhase section */

/* Begin XCBuildConfiguration section */
		AAAAAAAAAAAAAAAAAAAA0701 /* Debug */ = {
			isa = XCBuildConfiguration;
			buildSettings = {
				ALWAYS_SEARCH_USER_PATHS = NO;
				CLANG_ENABLE_MODULES = YES;
				CLANG_ENABLE_OBJC_ARC = YES;
				ENABLE_STRICT_OBJC_MSGSEND = YES;
				GCC_NO_COMMON_BLOCKS = YES;
				IPHONEOS_DEPLOYMENT_TARGET = 16.0;
				SDKROOT = iphoneos;
				SWIFT_COMPILATION_MODE = singlefile;
				SWIFT_OPTIMIZATION_LEVEL = "-Onone";
			};
			name = Debug;
		};
		AAAAAAAAAAAAAAAAAAAA0702 /* Release */ = {
			isa = XCBuildConfiguration;
			buildSettings = {
				ALWAYS_SEARCH_USER_PATHS = NO;
				CLANG_ENABLE_MODULES = YES;
				CLANG_ENABLE_OBJC_ARC = YES;
				ENABLE_STRICT_OBJC_MSGSEND = YES;
				GCC_NO_COMMON_BLOCKS = YES;
				IPHONEOS_DEPLOYMENT_TARGET = 16.0;
				SDKROOT = iphoneos;
				SWIFT_COMPILATION_MODE = wholemodule;
				SWIFT_OPTIMIZATION_LEVEL = "-O";
			};
			name = Release;
		};
		AAAAAAAAAAAAAAAAAAAA0703 /* Debug */ = {
			isa = XCBuildConfiguration;
			buildSettings = {
				ASSETCATALOG_COMPILER_APPICON_NAME = AppIcon;
				CURRENT_PROJECT_VERSION = 1;
				ENABLE_USER_SCRIPT_SANDBOXING = NO;
				FRAMEWORK_SEARCH_PATHS = (
					"$(inherited)",
					"$(SRCROOT)/Frameworks",
				);
				INFOPLIST_FILE = iosApp/Info.plist;
				IPHONEOS_DEPLOYMENT_TARGET = 16.0;
				LD_RUNPATH_SEARCH_PATHS = (
					"$(inherited)",
					"@executable_path/Frameworks",
				);
				MARKETING_VERSION = 1.0;
				PRODUCT_BUNDLE_IDENTIFIER = com.lyihub.archiveassistant;
				PRODUCT_NAME = "聚合拾遗";
				SWIFT_EMIT_LOC_STRINGS = YES;
				SWIFT_VERSION = 5.0;
				TARGETED_DEVICE_FAMILY = "1,2";
			};
			name = Debug;
		};
		AAAAAAAAAAAAAAAAAAAA0704 /* Release */ = {
			isa = XCBuildConfiguration;
			buildSettings = {
				ASSETCATALOG_COMPILER_APPICON_NAME = AppIcon;
				CURRENT_PROJECT_VERSION = 1;
				ENABLE_USER_SCRIPT_SANDBOXING = NO;
				FRAMEWORK_SEARCH_PATHS = (
					"$(inherited)",
					"$(SRCROOT)/Frameworks",
				);
				INFOPLIST_FILE = iosApp/Info.plist;
				IPHONEOS_DEPLOYMENT_TARGET = 16.0;
				LD_RUNPATH_SEARCH_PATHS = (
					"$(inherited)",
					"@executable_path/Frameworks",
				);
				MARKETING_VERSION = 1.0;
				PRODUCT_BUNDLE_IDENTIFIER = com.lyihub.archiveassistant;
				PRODUCT_NAME = "聚合拾遗";
				SWIFT_EMIT_LOC_STRINGS = YES;
				SWIFT_VERSION = 5.0;
				TARGETED_DEVICE_FAMILY = "1,2";
			};
			name = Release;
		};
/* End XCBuildConfiguration section */

/* Begin XCConfigurationList section */
		AAAAAAAAAAAAAAAAAAAA0801 /* Build configuration list for PBXNativeTarget "iosApp" */ = {
			isa = XCConfigurationList;
			buildConfigurations = (
				AAAAAAAAAAAAAAAAAAAA0703 /* Debug */,
				AAAAAAAAAAAAAAAAAAAA0704 /* Release */,
			);
			defaultConfigurationIsVisible = 0;
			defaultConfigurationName = Release;
		};
		AAAAAAAAAAAAAAAAAAAA0802 /* Build configuration list for PBXProject "iosApp" */ = {
			isa = XCConfigurationList;
			buildConfigurations = (
				AAAAAAAAAAAAAAAAAAAA0701 /* Debug */,
				AAAAAAAAAAAAAAAAAAAA0702 /* Release */,
			);
			defaultConfigurationIsVisible = 0;
			defaultConfigurationName = Release;
		};
/* End XCConfigurationList section */
	};
	rootObject = AAAAAAAAAAAAAAAAAAAA0501 /* Project object */;
}
